
Microsoft Visual Studio Solution File, Format Version 12.00
# Visual Studio Version 17
VisualStudioVersion = 17.13.35806.99 d17.13
MinimumVisualStudioVersion = 10.0.40219.1
Project("{FAE04EC0-301F-11D3-BF4B-00C04F79EFBC}") = "Pedidos-app", "Pedidos-app\Pedidos-app.csproj", "{221B1C39-8565-4616-BC33-C1F3E6031663}"
EndProject
Global
	GlobalSection(SolutionConfigurationPlatforms) = preSolution
		Debug|Any CPU = Debug|Any CPU
		Release|Any CPU = Release|Any CPU
	EndGlobalSection
	GlobalSection(ProjectConfigurationPlatforms) = postSolution
		{221B1C39-8565-4616-BC33-C1F3E6031663}.Debug|Any CPU.ActiveCfg = Debug|Any CPU
		{221B1C39-8565-4616-BC33-C1F3E6031663}.Debug|Any CPU.Build.0 = Debug|Any CPU
		{221B1C39-8565-4616-BC33-C1F3E6031663}.Release|Any CPU.ActiveCfg = Release|Any CPU
		{221B1C39-8565-4616-BC33-C1F3E6031663}.Release|Any CPU.Build.0 = Release|Any CPU
	EndGlobalSection
	GlobalSection(SolutionProperties) = preSolution
		HideSolutionNode = FALSE
	EndGlobalSection
	GlobalSection(ExtensibilityGlobals) = postSolution
		SolutionGuid = {6E46A258-D158-4D41-93B8-CD3C33CF3857}
	EndGlobalSection
EndGlobal
